
Microsoft Visual Studio Solution File, Format Version 12.00
# Visual Studio Version 16
VisualStudioVersion = 16.0.32901.82
MinimumVisualStudioVersion = 10.0.40219.1
Project("{FAE04EC0-301F-11D3-BF4B-00C04F79EFBC}") = "DataAccess", "DataAccess\DataAccess.csproj", "{8E21DF6E-F527-4CEA-83F8-1EF2415E57BD}"
EndProject
Project("{FAE04EC0-301F-11D3-BF4B-00C04F79EFBC}") = "Business", "Business\Business.csproj", "{C7FA3134-6A73-45C1-9A4B-E2C8471D2B5E}"
EndProject
Project("{FAE04EC0-301F-11D3-BF4B-00C04F79EFBC}") = "Entites", "Entites\Entites.csproj", "{FC62E4C2-04DB-46A6-8A9B-5F64FE750B0B}"
EndProject
Project("{FAE04EC0-301F-11D3-BF4B-00C04F79EFBC}") = "ConsoleUI", "ConsoleUI\ConsoleUI.csproj", "{1CAF6C79-64C6-4DFE-A550-EC3E9C4A6C78}"
EndProject
Global
	GlobalSection(SolutionConfigurationPlatforms) = preSolution
		Debug|Any CPU = Debug|Any CPU
		Release|Any CPU = Release|Any CPU
	EndGlobalSection
	GlobalSection(ProjectConfigurationPlatforms) = postSolution
		{8E21DF6E-F527-4CEA-83F8-1EF2415E57BD}.Debug|Any CPU.ActiveCfg = Debug|Any CPU
		{8E21DF6E-F527-4CEA-83F8-1EF2415E57BD}.Debug|Any CPU.Build.0 = Debug|Any CPU
		{8E21DF6E-F527-4CEA-83F8-1EF2415E57BD}.Release|Any CPU.ActiveCfg = Release|Any CPU
		{8E21DF6E-F527-4CEA-83F8-1EF2415E57BD}.Release|Any CPU.Build.0 = Release|Any CPU
		{C7FA3134-6A73-45C1-9A4B-E2C8471D2B5E}.Debug|Any CPU.ActiveCfg = Debug|Any CPU
		{C7FA3134-6A73-45C1-9A4B-E2C8471D2B5E}.Debug|Any CPU.Build.0 = Debug|Any CPU
		{C7FA3134-6A73-45C1-9A4B-E2C8471D2B5E}.Release|Any CPU.ActiveCfg = Release|Any CPU
		{C7FA3134-6A73-45C1-9A4B-E2C8471D2B5E}.Release|Any CPU.Build.0 = Release|Any CPU
		{FC62E4C2-04DB-46A6-8A9B-5F64FE750B0B}.Debug|Any CPU.ActiveCfg = Debug|Any CPU
		{FC62E4C2-04DB-46A6-8A9B-5F64FE750B0B}.Debug|Any CPU.Build.0 = Debug|Any CPU
		{FC62E4C2-04DB-46A6-8A9B-5F64FE750B0B}.Release|Any CPU.ActiveCfg = Release|Any CPU
		{FC62E4C2-04DB-46A6-8A9B-5F64FE750B0B}.Release|Any CPU.Build.0 = Release|Any CPU
		{1CAF6C79-64C6-4DFE-A550-EC3E9C4A6C78}.Debug|Any CPU.ActiveCfg = Debug|Any CPU
		{1CAF6C79-64C6-4DFE-A550-EC3E9C4A6C78}.Debug|Any CPU.Build.0 = Debug|Any CPU
		{1CAF6C79-64C6-4DFE-A550-EC3E9C4A6C78}.Release|Any CPU.ActiveCfg = Release|Any CPU
		{1CAF6C79-64C6-4DFE-A550-EC3E9C4A6C78}.Release|Any CPU.Build.0 = Release|Any CPU
	EndGlobalSection
	GlobalSection(SolutionProperties) = preSolution
		HideSolutionNode = FALSE
	EndGlobalSection
	GlobalSection(ExtensibilityGlobals) = postSolution
		SolutionGuid = {7FFA6E64-3BA2-43ED-9B2F-833FB377E7C8}
	EndGlobalSection
EndGlobal
